Microsoft Visual Studio Solution File, Format Version 8.00
Project("{8BC9CEB8-8B4A-11D0-8D11-00A0C91BC942}") = "serv_test_file", "serv_test_file.vcproj", "{9A625C3E-9A43-4041-876E-6D30F076311F}"
	ProjectSection(ProjectDependencies) = postProject
	EndProjectSection
EndProject
Global
	GlobalSection(SolutionConfiguration) = preSolution
		Debug = Debug
		Release = Release
	EndGlobalSection
	GlobalSection(ProjectConfiguration) = postSolution
		{9A625C3E-9A43-4041-876E-6D30F076311F}.Debug.ActiveCfg = Debug|Win32
		{9A625C3E-9A43-4041-876E-6D30F076311F}.Debug.Build.0 = Debug|Win32
		{9A625C3E-9A43-4041-876E-6D30F076311F}.Release.ActiveCfg = Release|Win32
		{9A625C3E-9A43-4041-876E-6D30F076311F}.Release.Build.0 = Release|Win32
	EndGlobalSection
	GlobalSection(ExtensibilityGlobals) = postSolution
	EndGlobalSection
	GlobalSection(ExtensibilityAddIns) = postSolution
	EndGlobalSection
EndGlobal
